
Microsoft Visual Studio Solution File, Format Version 12.00
# Visual Studio Version 17
VisualStudioVersion = 17.14.36603.0 d17.14
MinimumVisualStudioVersion = 10.0.40219.1
Project("{FAE04EC0-301F-11D3-BF4B-00C04F79EFBC}") = "hospital-prioritization", "hospital-prioritization\hospital-prioritization.csproj", "{66DEB7CE-3638-404A-A7C1-BD1657249479}"
EndProject
Global
	GlobalSection(SolutionConfigurationPlatforms) = preSolution
		Debug|Any CPU = Debug|Any CPU
		Release|Any CPU = Release|Any CPU
	EndGlobalSection
	GlobalSection(ProjectConfigurationPlatforms) = postSolution
		{66DEB7CE-3638-404A-A7C1-BD1657249479}.Debug|Any CPU.ActiveCfg = Debug|Any CPU
		{66DEB7CE-3638-404A-A7C1-BD1657249479}.Debug|Any CPU.Build.0 = Debug|Any CPU
		{66DEB7CE-3638-404A-A7C1-BD1657249479}.Release|Any CPU.ActiveCfg = Release|Any CPU
		{66DEB7CE-3638-404A-A7C1-BD1657249479}.Release|Any CPU.Build.0 = Release|Any CPU
	EndGlobalSection
	GlobalSection(SolutionProperties) = preSolution
		HideSolutionNode = FALSE
	EndGlobalSection
	GlobalSection(ExtensibilityGlobals) = postSolution
		SolutionGuid = {303D21FA-032C-4411-8502-DE0D7AE07F58}
	EndGlobalSection
EndGlobal
